<?xml version="1.0" encoding="utf-8"?>
<Project ToolsVersion="12.0" xmlns="http://schemas.microsoft.com/developer/msbuild/2003">
  <ItemGroup>
    <ClCompile Include="D:\Projects\libsrt\srt\haicrypt\cryspr.c">
      <Filter>Source Files</Filter>
    </ClCompile>
    <ClCompile Include="D:\Projects\libsrt\srt\haicrypt\cryspr-openssl.c">
      <Filter>Source Files</Filter>
    </ClCompile>
    <ClCompile Include="D:\Projects\libsrt\srt\haicrypt\hcrypt.c">
      <Filter>Source Files</Filter>
    </ClCompile>
    <ClCompile Include="D:\Projects\libsrt\srt\haicrypt\hcrypt_ctx_rx.c">
      <Filter>Source Files</Filter>
    </ClCompile>
    <ClCompile Include="D:\Projects\libsrt\srt\haicrypt\hcrypt_ctx_tx.c">
      <Filter>Source Files</Filter>
    </ClCompile>
    <ClCompile Include="D:\Projects\libsrt\srt\haicrypt\hcrypt_rx.c">
      <Filter>Source Files</Filter>
    </ClCompile>
    <ClCompile Include="D:\Projects\libsrt\srt\haicrypt\hcrypt_sa.c">
      <Filter>Source Files</Filter>
    </ClCompile>
    <ClCompile Include="D:\Projects\libsrt\srt\haicrypt\hcrypt_tx.c">
      <Filter>Source Files</Filter>
    </ClCompile>
    <ClCompile Include="D:\Projects\libsrt\srt\haicrypt\hcrypt_xpt_srt.c">
      <Filter>Source Files</Filter>
    </ClCompile>
    <ClCompile Include="D:\Projects\libsrt\srt\haicrypt\hcrypt_xpt_sta.c">
      <Filter>Source Files</Filter>
    </ClCompile>
    <ClCompile Include="D:\Projects\libsrt\srt\haicrypt\haicrypt_log.cpp">
      <Filter>Source Files</Filter>
    </ClCompile>
    <ClCompile Include="D:\Projects\libsrt\srt\common\win_time.cpp">
      <Filter>Source Files</Filter>
    </ClCompile>
  </ItemGroup>
  <ItemGroup>
    <CustomBuild Include="D:\Projects\libsrt\srt\CMakeLists.txt" />
  </ItemGroup>
  <ItemGroup>
    <Filter Include="Source Files">
      <UniqueIdentifier>{8EA98F23-4616-38E5-AB9B-B0733CF73692}</UniqueIdentifier>
    </Filter>
  </ItemGroup>
</Project>
