<?xml version="1.0" encoding="utf-8"?>
<Project ToolsVersion="12.0" xmlns="http://schemas.microsoft.com/developer/msbuild/2003">
  <ItemGroup>
    <ClCompile Include="D:\Projects\libsrt\srt\cmake_object_lib_support.c">
      <Filter>Source Files</Filter>
    </ClCompile>
  </ItemGroup>
  <ItemGroup>
    <CustomBuild Include="D:\Projects\libsrt\srt\CMakeLists.txt" />
  </ItemGroup>
  <ItemGroup>
    <Object Include="D:\Projects\libsrt\srt\vc2013\srt_virtual.dir\$(Configuration)\api.obj">
      <Filter>Object Libraries</Filter>
    </Object>
    <Object Include="D:\Projects\libsrt\srt\vc2013\srt_virtual.dir\$(Configuration)\buffer.obj">
      <Filter>Object Libraries</Filter>
    </Object>
    <Object Include="D:\Projects\libsrt\srt\vc2013\srt_virtual.dir\$(Configuration)\cache.obj">
      <Filter>Object Libraries</Filter>
    </Object>
    <Object Include="D:\Projects\libsrt\srt\vc2013\srt_virtual.dir\$(Configuration)\channel.obj">
      <Filter>Object Libraries</Filter>
    </Object>
    <Object Include="D:\Projects\libsrt\srt\vc2013\srt_virtual.dir\$(Configuration)\common.obj">
      <Filter>Object Libraries</Filter>
    </Object>
    <Object Include="D:\Projects\libsrt\srt\vc2013\srt_virtual.dir\$(Configuration)\core.obj">
      <Filter>Object Libraries</Filter>
    </Object>
    <Object Include="D:\Projects\libsrt\srt\vc2013\srt_virtual.dir\$(Configuration)\crypto.obj">
      <Filter>Object Libraries</Filter>
    </Object>
    <Object Include="D:\Projects\libsrt\srt\vc2013\srt_virtual.dir\$(Configuration)\epoll.obj">
      <Filter>Object Libraries</Filter>
    </Object>
    <Object Include="D:\Projects\libsrt\srt\vc2013\srt_virtual.dir\$(Configuration)\fec.obj">
      <Filter>Object Libraries</Filter>
    </Object>
    <Object Include="D:\Projects\libsrt\srt\vc2013\srt_virtual.dir\$(Configuration)\handshake.obj">
      <Filter>Object Libraries</Filter>
    </Object>
    <Object Include="D:\Projects\libsrt\srt\vc2013\srt_virtual.dir\$(Configuration)\list.obj">
      <Filter>Object Libraries</Filter>
    </Object>
    <Object Include="D:\Projects\libsrt\srt\vc2013\srt_virtual.dir\$(Configuration)\md5.obj">
      <Filter>Object Libraries</Filter>
    </Object>
    <Object Include="D:\Projects\libsrt\srt\vc2013\srt_virtual.dir\$(Configuration)\packet.obj">
      <Filter>Object Libraries</Filter>
    </Object>
    <Object Include="D:\Projects\libsrt\srt\vc2013\srt_virtual.dir\$(Configuration)\packetfilter.obj">
      <Filter>Object Libraries</Filter>
    </Object>
    <Object Include="D:\Projects\libsrt\srt\vc2013\srt_virtual.dir\$(Configuration)\queue.obj">
      <Filter>Object Libraries</Filter>
    </Object>
    <Object Include="D:\Projects\libsrt\srt\vc2013\srt_virtual.dir\$(Configuration)\congctl.obj">
      <Filter>Object Libraries</Filter>
    </Object>
    <Object Include="D:\Projects\libsrt\srt\vc2013\srt_virtual.dir\$(Configuration)\srt_c_api.obj">
      <Filter>Object Libraries</Filter>
    </Object>
    <Object Include="D:\Projects\libsrt\srt\vc2013\srt_virtual.dir\$(Configuration)\window.obj">
      <Filter>Object Libraries</Filter>
    </Object>
    <Object Include="D:\Projects\libsrt\srt\vc2013\srt_virtual.dir\$(Configuration)\srt_compat.obj">
      <Filter>Object Libraries</Filter>
    </Object>
    <Object Include="D:\Projects\libsrt\srt\vc2013\srt_virtual.dir\$(Configuration)\sync.obj">
      <Filter>Object Libraries</Filter>
    </Object>
    <Object Include="D:\Projects\libsrt\srt\vc2013\srt_virtual.dir\$(Configuration)\cryspr.obj">
      <Filter>Object Libraries</Filter>
    </Object>
    <Object Include="D:\Projects\libsrt\srt\vc2013\srt_virtual.dir\$(Configuration)\cryspr-openssl.obj">
      <Filter>Object Libraries</Filter>
    </Object>
    <Object Include="D:\Projects\libsrt\srt\vc2013\srt_virtual.dir\$(Configuration)\hcrypt.obj">
      <Filter>Object Libraries</Filter>
    </Object>
    <Object Include="D:\Projects\libsrt\srt\vc2013\srt_virtual.dir\$(Configuration)\hcrypt_ctx_rx.obj">
      <Filter>Object Libraries</Filter>
    </Object>
    <Object Include="D:\Projects\libsrt\srt\vc2013\srt_virtual.dir\$(Configuration)\hcrypt_ctx_tx.obj">
      <Filter>Object Libraries</Filter>
    </Object>
    <Object Include="D:\Projects\libsrt\srt\vc2013\srt_virtual.dir\$(Configuration)\hcrypt_rx.obj">
      <Filter>Object Libraries</Filter>
    </Object>
    <Object Include="D:\Projects\libsrt\srt\vc2013\srt_virtual.dir\$(Configuration)\hcrypt_sa.obj">
      <Filter>Object Libraries</Filter>
    </Object>
    <Object Include="D:\Projects\libsrt\srt\vc2013\srt_virtual.dir\$(Configuration)\hcrypt_tx.obj">
      <Filter>Object Libraries</Filter>
    </Object>
    <Object Include="D:\Projects\libsrt\srt\vc2013\srt_virtual.dir\$(Configuration)\hcrypt_xpt_srt.obj">
      <Filter>Object Libraries</Filter>
    </Object>
    <Object Include="D:\Projects\libsrt\srt\vc2013\srt_virtual.dir\$(Configuration)\haicrypt_log.obj">
      <Filter>Object Libraries</Filter>
    </Object>
    <Object Include="D:\Projects\libsrt\srt\vc2013\srt_virtual.dir\$(Configuration)\win_time.obj">
      <Filter>Object Libraries</Filter>
    </Object>
  </ItemGroup>
  <ItemGroup>
    <Filter Include="Object Libraries">
      <UniqueIdentifier>{6AB116F0-4840-384E-8B08-B57B816045E9}</UniqueIdentifier>
    </Filter>
    <Filter Include="Source Files">
      <UniqueIdentifier>{8EA98F23-4616-38E5-AB9B-B0733CF73692}</UniqueIdentifier>
    </Filter>
  </ItemGroup>
</Project>
