Microsoft Visual Studio Solution File, Format Version 12.00
# Visual Studio 15
Project("{8BC9CEB8-8B4A-11D0-8D11-00A0C91BC942}") = "ALL_BUILD", "ALL_BUILD.vcxproj", "{F8F5E89B-DAEF-3A62-BB24-E2BA0C256056}"
	ProjectSection(ProjectDependencies) = postProject
		{237BDBE1-23FD-3F76-86B0-41933E603AF1} = {237BDBE1-23FD-3F76-86B0-41933E603AF1}
		{62DAE6A8-D383-3E89-B4A4-26EE3AAB960F} = {62DAE6A8-D383-3E89-B4A4-26EE3AAB960F}
		{DCCB1A9C-1A74-3421-99F3-1A4B187891A5} = {DCCB1A9C-1A74-3421-99F3-1A4B187891A5}
		{9B0E5EB8-DF38-336A-A0D4-6AF7C2C89927} = {9B0E5EB8-DF38-336A-A0D4-6AF7C2C89927}
		{C6C72BBF-B23F-3C34-9260-81131CF0201F} = {C6C72BBF-B23F-3C34-9260-81131CF0201F}
		{FA94B7CA-1242-38F4-9F39-78F4C3A7A2A8} = {FA94B7CA-1242-38F4-9F39-78F4C3A7A2A8}
		{3C701C56-76F8-3012-AB11-B1551A6641C5} = {3C701C56-76F8-3012-AB11-B1551A6641C5}
		{F7F94AB3-C25D-3C1B-B6D1-332FF6E5BE29} = {F7F94AB3-C25D-3C1B-B6D1-332FF6E5BE29}
	EndProjectSection
EndProject
Project("{8BC9CEB8-8B4A-11D0-8D11-00A0C91BC942}") = "INSTALL", "INSTALL.vcxproj", "{45C06835-2952-3CC2-A660-DC0DC0152141}"
	ProjectSection(ProjectDependencies) = postProject
		{F8F5E89B-DAEF-3A62-BB24-E2BA0C256056} = {F8F5E89B-DAEF-3A62-BB24-E2BA0C256056}
		{237BDBE1-23FD-3F76-86B0-41933E603AF1} = {237BDBE1-23FD-3F76-86B0-41933E603AF1}
	EndProjectSection
EndProject
Project("{8BC9CEB8-8B4A-11D0-8D11-00A0C91BC942}") = "ZERO_CHECK", "ZERO_CHECK.vcxproj", "{237BDBE1-23FD-3F76-86B0-41933E603AF1}"
	ProjectSection(ProjectDependencies) = postProject
	EndProjectSection
EndProject
Project("{8BC9CEB8-8B4A-11D0-8D11-00A0C91BC942}") = "srt-file-transmit", "srt-file-transmit.vcxproj", "{62DAE6A8-D383-3E89-B4A4-26EE3AAB960F}"
	ProjectSection(ProjectDependencies) = postProject
		{237BDBE1-23FD-3F76-86B0-41933E603AF1} = {237BDBE1-23FD-3F76-86B0-41933E603AF1}
		{FA94B7CA-1242-38F4-9F39-78F4C3A7A2A8} = {FA94B7CA-1242-38F4-9F39-78F4C3A7A2A8}
		{F7F94AB3-C25D-3C1B-B6D1-332FF6E5BE29} = {F7F94AB3-C25D-3C1B-B6D1-332FF6E5BE29}
	EndProjectSection
EndProject
Project("{8BC9CEB8-8B4A-11D0-8D11-00A0C91BC942}") = "srt-live-transmit", "srt-live-transmit.vcxproj", "{DCCB1A9C-1A74-3421-99F3-1A4B187891A5}"
	ProjectSection(ProjectDependencies) = postProject
		{237BDBE1-23FD-3F76-86B0-41933E603AF1} = {237BDBE1-23FD-3F76-86B0-41933E603AF1}
		{FA94B7CA-1242-38F4-9F39-78F4C3A7A2A8} = {FA94B7CA-1242-38F4-9F39-78F4C3A7A2A8}
		{F7F94AB3-C25D-3C1B-B6D1-332FF6E5BE29} = {F7F94AB3-C25D-3C1B-B6D1-332FF6E5BE29}
	EndProjectSection
EndProject
Project("{8BC9CEB8-8B4A-11D0-8D11-00A0C91BC942}") = "srt-tunnel", "srt-tunnel.vcxproj", "{9B0E5EB8-DF38-336A-A0D4-6AF7C2C89927}"
	ProjectSection(ProjectDependencies) = postProject
		{237BDBE1-23FD-3F76-86B0-41933E603AF1} = {237BDBE1-23FD-3F76-86B0-41933E603AF1}
		{FA94B7CA-1242-38F4-9F39-78F4C3A7A2A8} = {FA94B7CA-1242-38F4-9F39-78F4C3A7A2A8}
		{F7F94AB3-C25D-3C1B-B6D1-332FF6E5BE29} = {F7F94AB3-C25D-3C1B-B6D1-332FF6E5BE29}
	EndProjectSection
EndProject
Project("{8BC9CEB8-8B4A-11D0-8D11-00A0C91BC942}") = "srt_shared", "srt_shared.vcxproj", "{C6C72BBF-B23F-3C34-9260-81131CF0201F}"
	ProjectSection(ProjectDependencies) = postProject
		{237BDBE1-23FD-3F76-86B0-41933E603AF1} = {237BDBE1-23FD-3F76-86B0-41933E603AF1}
		{3C701C56-76F8-3012-AB11-B1551A6641C5} = {3C701C56-76F8-3012-AB11-B1551A6641C5}
	EndProjectSection
EndProject
Project("{8BC9CEB8-8B4A-11D0-8D11-00A0C91BC942}") = "srt_static", "srt_static.vcxproj", "{FA94B7CA-1242-38F4-9F39-78F4C3A7A2A8}"
	ProjectSection(ProjectDependencies) = postProject
		{237BDBE1-23FD-3F76-86B0-41933E603AF1} = {237BDBE1-23FD-3F76-86B0-41933E603AF1}
		{3C701C56-76F8-3012-AB11-B1551A6641C5} = {3C701C56-76F8-3012-AB11-B1551A6641C5}
	EndProjectSection
EndProject
Project("{8BC9CEB8-8B4A-11D0-8D11-00A0C91BC942}") = "srt_virtual", "srt_virtual.vcxproj", "{3C701C56-76F8-3012-AB11-B1551A6641C5}"
	ProjectSection(ProjectDependencies) = postProject
		{237BDBE1-23FD-3F76-86B0-41933E603AF1} = {237BDBE1-23FD-3F76-86B0-41933E603AF1}
	EndProjectSection
EndProject
Project("{8BC9CEB8-8B4A-11D0-8D11-00A0C91BC942}") = "srtsupport_virtual", "srtsupport_virtual.vcxproj", "{F7F94AB3-C25D-3C1B-B6D1-332FF6E5BE29}"
	ProjectSection(ProjectDependencies) = postProject
		{237BDBE1-23FD-3F76-86B0-41933E603AF1} = {237BDBE1-23FD-3F76-86B0-41933E603AF1}
	EndProjectSection
EndProject
Global
	GlobalSection(SolutionConfigurationPlatforms) = preSolution
		Debug|Win32 = Debug|Win32
		Release|Win32 = Release|Win32
		MinSizeRel|Win32 = MinSizeRel|Win32
		RelWithDebInfo|Win32 = RelWithDebInfo|Win32
	EndGlobalSection
	GlobalSection(ProjectConfigurationPlatforms) = postSolution
		{F8F5E89B-DAEF-3A62-BB24-E2BA0C256056}.Debug|Win32.ActiveCfg = Debug|Win32
		{F8F5E89B-DAEF-3A62-BB24-E2BA0C256056}.Debug|Win32.Build.0 = Debug|Win32
		{F8F5E89B-DAEF-3A62-BB24-E2BA0C256056}.Release|Win32.ActiveCfg = Release|Win32
		{F8F5E89B-DAEF-3A62-BB24-E2BA0C256056}.Release|Win32.Build.0 = Release|Win32
		{F8F5E89B-DAEF-3A62-BB24-E2BA0C256056}.MinSizeRel|Win32.ActiveCfg = MinSizeRel|Win32
		{F8F5E89B-DAEF-3A62-BB24-E2BA0C256056}.MinSizeRel|Win32.Build.0 = MinSizeRel|Win32
		{F8F5E89B-DAEF-3A62-BB24-E2BA0C256056}.RelWithDebInfo|Win32.ActiveCfg = RelWithDebInfo|Win32
		{F8F5E89B-DAEF-3A62-BB24-E2BA0C256056}.RelWithDebInfo|Win32.Build.0 = RelWithDebInfo|Win32
		{45C06835-2952-3CC2-A660-DC0DC0152141}.Debug|Win32.ActiveCfg = Debug|Win32
		{45C06835-2952-3CC2-A660-DC0DC0152141}.Release|Win32.ActiveCfg = Release|Win32
		{45C06835-2952-3CC2-A660-DC0DC0152141}.MinSizeRel|Win32.ActiveCfg = MinSizeRel|Win32
		{45C06835-2952-3CC2-A660-DC0DC0152141}.RelWithDebInfo|Win32.ActiveCfg = RelWithDebInfo|Win32
		{237BDBE1-23FD-3F76-86B0-41933E603AF1}.Debug|Win32.ActiveCfg = Debug|Win32
		{237BDBE1-23FD-3F76-86B0-41933E603AF1}.Debug|Win32.Build.0 = Debug|Win32
		{237BDBE1-23FD-3F76-86B0-41933E603AF1}.Release|Win32.ActiveCfg = Release|Win32
		{237BDBE1-23FD-3F76-86B0-41933E603AF1}.Release|Win32.Build.0 = Release|Win32
		{237BDBE1-23FD-3F76-86B0-41933E603AF1}.MinSizeRel|Win32.ActiveCfg = MinSizeRel|Win32
		{237BDBE1-23FD-3F76-86B0-41933E603AF1}.MinSizeRel|Win32.Build.0 = MinSizeRel|Win32
		{237BDBE1-23FD-3F76-86B0-41933E603AF1}.RelWithDebInfo|Win32.ActiveCfg = RelWithDebInfo|Win32
		{237BDBE1-23FD-3F76-86B0-41933E603AF1}.RelWithDebInfo|Win32.Build.0 = RelWithDebInfo|Win32
		{62DAE6A8-D383-3E89-B4A4-26EE3AAB960F}.Debug|Win32.ActiveCfg = Debug|Win32
		{62DAE6A8-D383-3E89-B4A4-26EE3AAB960F}.Debug|Win32.Build.0 = Debug|Win32
		{62DAE6A8-D383-3E89-B4A4-26EE3AAB960F}.Release|Win32.ActiveCfg = Release|Win32
		{62DAE6A8-D383-3E89-B4A4-26EE3AAB960F}.Release|Win32.Build.0 = Release|Win32
		{62DAE6A8-D383-3E89-B4A4-26EE3AAB960F}.MinSizeRel|Win32.ActiveCfg = MinSizeRel|Win32
		{62DAE6A8-D383-3E89-B4A4-26EE3AAB960F}.MinSizeRel|Win32.Build.0 = MinSizeRel|Win32
		{62DAE6A8-D383-3E89-B4A4-26EE3AAB960F}.RelWithDebInfo|Win32.ActiveCfg = RelWithDebInfo|Win32
		{62DAE6A8-D383-3E89-B4A4-26EE3AAB960F}.RelWithDebInfo|Win32.Build.0 = RelWithDebInfo|Win32
		{DCCB1A9C-1A74-3421-99F3-1A4B187891A5}.Debug|Win32.ActiveCfg = Debug|Win32
		{DCCB1A9C-1A74-3421-99F3-1A4B187891A5}.Debug|Win32.Build.0 = Debug|Win32
		{DCCB1A9C-1A74-3421-99F3-1A4B187891A5}.Release|Win32.ActiveCfg = Release|Win32
		{DCCB1A9C-1A74-3421-99F3-1A4B187891A5}.Release|Win32.Build.0 = Release|Win32
		{DCCB1A9C-1A74-3421-99F3-1A4B187891A5}.MinSizeRel|Win32.ActiveCfg = MinSizeRel|Win32
		{DCCB1A9C-1A74-3421-99F3-1A4B187891A5}.MinSizeRel|Win32.Build.0 = MinSizeRel|Win32
		{DCCB1A9C-1A74-3421-99F3-1A4B187891A5}.RelWithDebInfo|Win32.ActiveCfg = RelWithDebInfo|Win32
		{DCCB1A9C-1A74-3421-99F3-1A4B187891A5}.RelWithDebInfo|Win32.Build.0 = RelWithDebInfo|Win32
		{9B0E5EB8-DF38-336A-A0D4-6AF7C2C89927}.Debug|Win32.ActiveCfg = Debug|Win32
		{9B0E5EB8-DF38-336A-A0D4-6AF7C2C89927}.Debug|Win32.Build.0 = Debug|Win32
		{9B0E5EB8-DF38-336A-A0D4-6AF7C2C89927}.Release|Win32.ActiveCfg = Release|Win32
		{9B0E5EB8-DF38-336A-A0D4-6AF7C2C89927}.Release|Win32.Build.0 = Release|Win32
		{9B0E5EB8-DF38-336A-A0D4-6AF7C2C89927}.MinSizeRel|Win32.ActiveCfg = MinSizeRel|Win32
		{9B0E5EB8-DF38-336A-A0D4-6AF7C2C89927}.MinSizeRel|Win32.Build.0 = MinSizeRel|Win32
		{9B0E5EB8-DF38-336A-A0D4-6AF7C2C89927}.RelWithDebInfo|Win32.ActiveCfg = RelWithDebInfo|Win32
		{9B0E5EB8-DF38-336A-A0D4-6AF7C2C89927}.RelWithDebInfo|Win32.Build.0 = RelWithDebInfo|Win32
		{C6C72BBF-B23F-3C34-9260-81131CF0201F}.Debug|Win32.ActiveCfg = Debug|Win32
		{C6C72BBF-B23F-3C34-9260-81131CF0201F}.Debug|Win32.Build.0 = Debug|Win32
		{C6C72BBF-B23F-3C34-9260-81131CF0201F}.Release|Win32.ActiveCfg = Release|Win32
		{C6C72BBF-B23F-3C34-9260-81131CF0201F}.Release|Win32.Build.0 = Release|Win32
		{C6C72BBF-B23F-3C34-9260-81131CF0201F}.MinSizeRel|Win32.ActiveCfg = MinSizeRel|Win32
		{C6C72BBF-B23F-3C34-9260-81131CF0201F}.MinSizeRel|Win32.Build.0 = MinSizeRel|Win32
		{C6C72BBF-B23F-3C34-9260-81131CF0201F}.RelWithDebInfo|Win32.ActiveCfg = RelWithDebInfo|Win32
		{C6C72BBF-B23F-3C34-9260-81131CF0201F}.RelWithDebInfo|Win32.Build.0 = RelWithDebInfo|Win32
		{FA94B7CA-1242-38F4-9F39-78F4C3A7A2A8}.Debug|Win32.ActiveCfg = Debug|Win32
		{FA94B7CA-1242-38F4-9F39-78F4C3A7A2A8}.Debug|Win32.Build.0 = Debug|Win32
		{FA94B7CA-1242-38F4-9F39-78F4C3A7A2A8}.Release|Win32.ActiveCfg = Release|Win32
		{FA94B7CA-1242-38F4-9F39-78F4C3A7A2A8}.Release|Win32.Build.0 = Release|Win32
		{FA94B7CA-1242-38F4-9F39-78F4C3A7A2A8}.MinSizeRel|Win32.ActiveCfg = MinSizeRel|Win32
		{FA94B7CA-1242-38F4-9F39-78F4C3A7A2A8}.MinSizeRel|Win32.Build.0 = MinSizeRel|Win32
		{FA94B7CA-1242-38F4-9F39-78F4C3A7A2A8}.RelWithDebInfo|Win32.ActiveCfg = RelWithDebInfo|Win32
		{FA94B7CA-1242-38F4-9F39-78F4C3A7A2A8}.RelWithDebInfo|Win32.Build.0 = RelWithDebInfo|Win32
		{3C701C56-76F8-3012-AB11-B1551A6641C5}.Debug|Win32.ActiveCfg = Debug|Win32
		{3C701C56-76F8-3012-AB11-B1551A6641C5}.Debug|Win32.Build.0 = Debug|Win32
		{3C701C56-76F8-3012-AB11-B1551A6641C5}.Release|Win32.ActiveCfg = Release|Win32
		{3C701C56-76F8-3012-AB11-B1551A6641C5}.Release|Win32.Build.0 = Release|Win32
		{3C701C56-76F8-3012-AB11-B1551A6641C5}.MinSizeRel|Win32.ActiveCfg = MinSizeRel|Win32
		{3C701C56-76F8-3012-AB11-B1551A6641C5}.MinSizeRel|Win32.Build.0 = MinSizeRel|Win32
		{3C701C56-76F8-3012-AB11-B1551A6641C5}.RelWithDebInfo|Win32.ActiveCfg = RelWithDebInfo|Win32
		{3C701C56-76F8-3012-AB11-B1551A6641C5}.RelWithDebInfo|Win32.Build.0 = RelWithDebInfo|Win32
		{F7F94AB3-C25D-3C1B-B6D1-332FF6E5BE29}.Debug|Win32.ActiveCfg = Debug|Win32
		{F7F94AB3-C25D-3C1B-B6D1-332FF6E5BE29}.Debug|Win32.Build.0 = Debug|Win32
		{F7F94AB3-C25D-3C1B-B6D1-332FF6E5BE29}.Release|Win32.ActiveCfg = Release|Win32
		{F7F94AB3-C25D-3C1B-B6D1-332FF6E5BE29}.Release|Win32.Build.0 = Release|Win32
		{F7F94AB3-C25D-3C1B-B6D1-332FF6E5BE29}.MinSizeRel|Win32.ActiveCfg = MinSizeRel|Win32
		{F7F94AB3-C25D-3C1B-B6D1-332FF6E5BE29}.MinSizeRel|Win32.Build.0 = MinSizeRel|Win32
		{F7F94AB3-C25D-3C1B-B6D1-332FF6E5BE29}.RelWithDebInfo|Win32.ActiveCfg = RelWithDebInfo|Win32
		{F7F94AB3-C25D-3C1B-B6D1-332FF6E5BE29}.RelWithDebInfo|Win32.Build.0 = RelWithDebInfo|Win32
	EndGlobalSection
	GlobalSection(ExtensibilityGlobals) = postSolution
		SolutionGuid = {DF4CFED8-0647-3FB5-99E0-FB2B9B05C5E3}
	EndGlobalSection
	GlobalSection(ExtensibilityAddIns) = postSolution
	EndGlobalSection
EndGlobal
