<?xml version="1.0" encoding="utf-8"?>
<Project ToolsVersion="15.0" xmlns="http://schemas.microsoft.com/developer/msbuild/2003">
  <ItemGroup>
    <ClCompile Include="D:\Projects\libsrt\srt\srtcore\api.cpp">
      <Filter>Source Files</Filter>
    </ClCompile>
    <ClCompile Include="D:\Projects\libsrt\srt\srtcore\buffer.cpp">
      <Filter>Source Files</Filter>
    </ClCompile>
    <ClCompile Include="D:\Projects\libsrt\srt\srtcore\cache.cpp">
      <Filter>Source Files</Filter>
    </ClCompile>
    <ClCompile Include="D:\Projects\libsrt\srt\srtcore\channel.cpp">
      <Filter>Source Files</Filter>
    </ClCompile>
    <ClCompile Include="D:\Projects\libsrt\srt\srtcore\common.cpp">
      <Filter>Source Files</Filter>
    </ClCompile>
    <ClCompile Include="D:\Projects\libsrt\srt\srtcore\core.cpp">
      <Filter>Source Files</Filter>
    </ClCompile>
    <ClCompile Include="D:\Projects\libsrt\srt\srtcore\crypto.cpp">
      <Filter>Source Files</Filter>
    </ClCompile>
    <ClCompile Include="D:\Projects\libsrt\srt\srtcore\epoll.cpp">
      <Filter>Source Files</Filter>
    </ClCompile>
    <ClCompile Include="D:\Projects\libsrt\srt\srtcore\fec.cpp">
      <Filter>Source Files</Filter>
    </ClCompile>
    <ClCompile Include="D:\Projects\libsrt\srt\srtcore\handshake.cpp">
      <Filter>Source Files</Filter>
    </ClCompile>
    <ClCompile Include="D:\Projects\libsrt\srt\srtcore\list.cpp">
      <Filter>Source Files</Filter>
    </ClCompile>
    <ClCompile Include="D:\Projects\libsrt\srt\srtcore\logger_default.cpp">
      <Filter>Source Files</Filter>
    </ClCompile>
    <ClCompile Include="D:\Projects\libsrt\srt\srtcore\logger_defs.cpp">
      <Filter>Source Files</Filter>
    </ClCompile>
    <ClCompile Include="D:\Projects\libsrt\srt\srtcore\md5.cpp">
      <Filter>Source Files</Filter>
    </ClCompile>
    <ClCompile Include="D:\Projects\libsrt\srt\srtcore\packet.cpp">
      <Filter>Source Files</Filter>
    </ClCompile>
    <ClCompile Include="D:\Projects\libsrt\srt\srtcore\packetfilter.cpp">
      <Filter>Source Files</Filter>
    </ClCompile>
    <ClCompile Include="D:\Projects\libsrt\srt\srtcore\queue.cpp">
      <Filter>Source Files</Filter>
    </ClCompile>
    <ClCompile Include="D:\Projects\libsrt\srt\srtcore\congctl.cpp">
      <Filter>Source Files</Filter>
    </ClCompile>
    <ClCompile Include="D:\Projects\libsrt\srt\srtcore\srt_c_api.cpp">
      <Filter>Source Files</Filter>
    </ClCompile>
    <ClCompile Include="D:\Projects\libsrt\srt\srtcore\window.cpp">
      <Filter>Source Files</Filter>
    </ClCompile>
    <ClCompile Include="D:\Projects\libsrt\srt\srtcore\srt_compat.c">
      <Filter>Source Files</Filter>
    </ClCompile>
    <ClCompile Include="D:\Projects\libsrt\srt\srtcore\sync.cpp">
      <Filter>Source Files</Filter>
    </ClCompile>
    <ClCompile Include="D:\Projects\libsrt\srt\srtcore\sync_cxx11.cpp">
      <Filter>Source Files</Filter>
    </ClCompile>
    <ClCompile Include="D:\Projects\libsrt\srt\haicrypt\cryspr.c">
      <Filter>Source Files</Filter>
    </ClCompile>
    <ClCompile Include="D:\Projects\libsrt\srt\haicrypt\cryspr-openssl.c">
      <Filter>Source Files</Filter>
    </ClCompile>
    <ClCompile Include="D:\Projects\libsrt\srt\haicrypt\hcrypt.c">
      <Filter>Source Files</Filter>
    </ClCompile>
    <ClCompile Include="D:\Projects\libsrt\srt\haicrypt\hcrypt_ctx_rx.c">
      <Filter>Source Files</Filter>
    </ClCompile>
    <ClCompile Include="D:\Projects\libsrt\srt\haicrypt\hcrypt_ctx_tx.c">
      <Filter>Source Files</Filter>
    </ClCompile>
    <ClCompile Include="D:\Projects\libsrt\srt\haicrypt\hcrypt_rx.c">
      <Filter>Source Files</Filter>
    </ClCompile>
    <ClCompile Include="D:\Projects\libsrt\srt\haicrypt\hcrypt_sa.c">
      <Filter>Source Files</Filter>
    </ClCompile>
    <ClCompile Include="D:\Projects\libsrt\srt\haicrypt\hcrypt_tx.c">
      <Filter>Source Files</Filter>
    </ClCompile>
    <ClCompile Include="D:\Projects\libsrt\srt\haicrypt\hcrypt_xpt_srt.c">
      <Filter>Source Files</Filter>
    </ClCompile>
    <ClCompile Include="D:\Projects\libsrt\srt\haicrypt\haicrypt_log.cpp">
      <Filter>Source Files</Filter>
    </ClCompile>
    <ClCompile Include="D:\Projects\libsrt\srt\common\win_time.cpp">
      <Filter>Source Files</Filter>
    </ClCompile>
  </ItemGroup>
  <ItemGroup>
    <ClInclude Include="D:\Projects\libsrt\srt\vc2017\version.h">
      <Filter>Header Files</Filter>
    </ClInclude>
    <ClInclude Include="D:\Projects\libsrt\srt\srtcore\srt.h">
      <Filter>Header Files</Filter>
    </ClInclude>
    <ClInclude Include="D:\Projects\libsrt\srt\srtcore\logging_api.h">
      <Filter>Header Files</Filter>
    </ClInclude>
    <ClInclude Include="D:\Projects\libsrt\srt\srtcore\access_control.h">
      <Filter>Header Files</Filter>
    </ClInclude>
    <ClInclude Include="D:\Projects\libsrt\srt\srtcore\platform_sys.h">
      <Filter>Header Files</Filter>
    </ClInclude>
    <ClInclude Include="D:\Projects\libsrt\srt\srtcore\udt.h">
      <Filter>Header Files</Filter>
    </ClInclude>
  </ItemGroup>
  <ItemGroup>
    <CustomBuild Include="D:\Projects\libsrt\srt\CMakeLists.txt" />
  </ItemGroup>
  <ItemGroup>
    <ResourceCompile Include="D:\Projects\libsrt\srt\srtcore\srt_shared.rc">
      <Filter>Source Files</Filter>
    </ResourceCompile>
  </ItemGroup>
  <ItemGroup>
    <Filter Include="Header Files">
      <UniqueIdentifier>{9D636331-B047-3A07-8440-F20BCEC3BDB8}</UniqueIdentifier>
    </Filter>
    <Filter Include="Source Files">
      <UniqueIdentifier>{3C08DE66-917C-3DDF-BF15-2AA3BB2F9F4D}</UniqueIdentifier>
    </Filter>
  </ItemGroup>
</Project>
