<?xml version="1.0" encoding="utf-8"?>
<Project ToolsVersion="15.0" xmlns="http://schemas.microsoft.com/developer/msbuild/2003">
  <ItemGroup>
    <CustomBuild Include="D:\Projects\libsrt\srt\vc2017\CMakeFiles\809bc1848e0885fe4bf7eb628aceaf5b\generate.stamp.rule">
      <Filter>CMake Rules</Filter>
    </CustomBuild>
  </ItemGroup>
  <ItemGroup>
    <Filter Include="CMake Rules">
      <UniqueIdentifier>{00CB3306-84FE-333A-BFF5-3711419BFE4D}</UniqueIdentifier>
    </Filter>
  </ItemGroup>
</Project>
